lockfileVersion: '6.0'

settings:
  autoInstallPeers: true
  excludeLinksFromLockfile: false

dependencies:
  '@vant/weapp':
    specifier: ^1.5.2
    version: 1.11.4
  numeral:
    specifier: ^2.0.6
    version: 2.0.6
  wx-canvas-2d:
    specifier: 2.5.2-beta.0
    version: 2.5.2-beta.0

packages:

  /@vant/weapp@1.11.4:
    resolution: {integrity: sha512-egOsWO4hVMP1SQSqQ46jy8UD3WysvlnUecRzPM21Y3ovkOFZ6wlaO7oHQmTXRpwr+V41Qri1qEbtNjhVxFqdyw==}
    dev: false

  /numeral@2.0.6:
    resolution: {integrity: sha512-qaKRmtYPZ5qdw4jWJD6bxEf1FJEqllJrwxCLIm0sQU/A7v2/czigzOb+C2uSiFsa9lBUzeH7M1oK+Q+OLxL3kA==}
    dev: false

  /wx-canvas-2d@2.5.2-beta.0:
    resolution: {integrity: sha512-KH3e+8xeg7hrN7IgwnqtxtAjQgP0kDif4vnoM+ZmZP2v8udJuaUNBqO3XAUHPG1p5WNZU+xkj4vIMiMdfuXX6A==}
    engines: {node: '>=16.0.0'}
    requiresBuild: true
    dev: false
